[[package]]
category = "main"
description = "Snowball stemming algorithms, for information retrieval"
name = "pystemmer"
optional = false
python-versions = "*"
version = "2.0.1"

[metadata]
content-hash = "fad4adce14d1569a13f4799876d4ba7535d7673dab1155b144d462e397258933"
lock-version = "1.0"
python-versions = "^3.7"

[metadata.files]
pystemmer = [
    {file = "PyStemmer-2.0.1.tar.gz", hash = "sha256:9b81c35302f1d2a5ad9465b85986db246990db93d97d3e8f129269ed7102788e"},
]
